
Microsoft Visual Studio Solution File, Format Version 12.00
# Visual Studio Version 17
VisualStudioVersion = 17.13.35931.197
MinimumVisualStudioVersion = 10.0.40219.1
Project("{2150E333-8FDC-42A3-9474-1A3956D46DE8}") = "Files", "Files", "{02EA681E-C7D8-13C7-8484-4AC65E1B71E8}"
	ProjectSection(SolutionItems) = preProject
		.github\workflows\azure-static-web-apps-salmon-meadow-0d9fbce0f.yml = .github\workflows\azure-static-web-apps-salmon-meadow-0d9fbce0f.yml
		swa-db-connections\staticwebapp.database.config.json = swa-db-connections\staticwebapp.database.config.json
	EndProjectSection
EndProject
Project("{FAE04EC0-301F-11D3-BF4B-00C04F79EFBC}") = "McpServer", "McpServer\McpServer.csproj", "{E18D5573-17A3-49AE-8288-388D7FBCA432}"
EndProject
Project("{FAE04EC0-301F-11D3-BF4B-00C04F79EFBC}") = "McpClient.Console", "McpClient.Console\McpClient.Console.csproj", "{B7604BFD-795C-677D-7DA1-96F0124BA2C2}"
EndProject
Project("{FAE04EC0-301F-11D3-BF4B-00C04F79EFBC}") = "McpClient.Web", "McpClient.Web\McpClient.Web.csproj", "{DDD55263-3DFF-1514-6C08-C31E4516330E}"
EndProject
Project("{FAE04EC0-301F-11D3-BF4B-00C04F79EFBC}") = "Microsoft.DataApiBuilder.Rest", "..\data-api-builder-vscode-ext\classlib-dab-rest\Microsoft.DataApiBuilder.Rest\Microsoft.DataApiBuilder.Rest.csproj", "{05B9EAB9-0754-13E7-32C4-F8B326C67DA0}"
EndProject
Project("{FAE04EC0-301F-11D3-BF4B-00C04F79EFBC}") = "McpShared", "McpShared\McpShared.csproj", "{160EAE73-661B-49A4-973D-6F6FDEDB145D}"
EndProject
Global
	GlobalSection(SolutionConfigurationPlatforms) = preSolution
		Debug|Any CPU = Debug|Any CPU
		Debug|x64 = Debug|x64
		Debug|x86 = Debug|x86
		Release|Any CPU = Release|Any CPU
		Release|x64 = Release|x64
		Release|x86 = Release|x86
	EndGlobalSection
	GlobalSection(ProjectConfigurationPlatforms) = postSolution
		{E18D5573-17A3-49AE-8288-388D7FBCA432}.Debug|Any CPU.ActiveCfg = Debug|Any CPU
		{E18D5573-17A3-49AE-8288-388D7FBCA432}.Debug|Any CPU.Build.0 = Debug|Any CPU
		{E18D5573-17A3-49AE-8288-388D7FBCA432}.Debug|x64.ActiveCfg = Debug|Any CPU
		{E18D5573-17A3-49AE-8288-388D7FBCA432}.Debug|x64.Build.0 = Debug|Any CPU
		{E18D5573-17A3-49AE-8288-388D7FBCA432}.Debug|x86.ActiveCfg = Debug|Any CPU
		{E18D5573-17A3-49AE-8288-388D7FBCA432}.Debug|x86.Build.0 = Debug|Any CPU
		{E18D5573-17A3-49AE-8288-388D7FBCA432}.Release|Any CPU.ActiveCfg = Release|Any CPU
		{E18D5573-17A3-49AE-8288-388D7FBCA432}.Release|Any CPU.Build.0 = Release|Any CPU
		{E18D5573-17A3-49AE-8288-388D7FBCA432}.Release|x64.ActiveCfg = Release|Any CPU
		{E18D5573-17A3-49AE-8288-388D7FBCA432}.Release|x64.Build.0 = Release|Any CPU
		{E18D5573-17A3-49AE-8288-388D7FBCA432}.Release|x86.ActiveCfg = Release|Any CPU
		{E18D5573-17A3-49AE-8288-388D7FBCA432}.Release|x86.Build.0 = Release|Any CPU
		{B7604BFD-795C-677D-7DA1-96F0124BA2C2}.Debug|Any CPU.ActiveCfg = Debug|Any CPU
		{B7604BFD-795C-677D-7DA1-96F0124BA2C2}.Debug|Any CPU.Build.0 = Debug|Any CPU
		{B7604BFD-795C-677D-7DA1-96F0124BA2C2}.Debug|x64.ActiveCfg = Debug|Any CPU
		{B7604BFD-795C-677D-7DA1-96F0124BA2C2}.Debug|x64.Build.0 = Debug|Any CPU
		{B7604BFD-795C-677D-7DA1-96F0124BA2C2}.Debug|x86.ActiveCfg = Debug|Any CPU
		{B7604BFD-795C-677D-7DA1-96F0124BA2C2}.Debug|x86.Build.0 = Debug|Any CPU
		{B7604BFD-795C-677D-7DA1-96F0124BA2C2}.Release|Any CPU.ActiveCfg = Release|Any CPU
		{B7604BFD-795C-677D-7DA1-96F0124BA2C2}.Release|Any CPU.Build.0 = Release|Any CPU
		{B7604BFD-795C-677D-7DA1-96F0124BA2C2}.Release|x64.ActiveCfg = Release|Any CPU
		{B7604BFD-795C-677D-7DA1-96F0124BA2C2}.Release|x64.Build.0 = Release|Any CPU
		{B7604BFD-795C-677D-7DA1-96F0124BA2C2}.Release|x86.ActiveCfg = Release|Any CPU
		{B7604BFD-795C-677D-7DA1-96F0124BA2C2}.Release|x86.Build.0 = Release|Any CPU
		{DDD55263-3DFF-1514-6C08-C31E4516330E}.Debug|Any CPU.ActiveCfg = Debug|Any CPU
		{DDD55263-3DFF-1514-6C08-C31E4516330E}.Debug|Any CPU.Build.0 = Debug|Any CPU
		{DDD55263-3DFF-1514-6C08-C31E4516330E}.Debug|x64.ActiveCfg = Debug|Any CPU
		{DDD55263-3DFF-1514-6C08-C31E4516330E}.Debug|x64.Build.0 = Debug|Any CPU
		{DDD55263-3DFF-1514-6C08-C31E4516330E}.Debug|x86.ActiveCfg = Debug|Any CPU
		{DDD55263-3DFF-1514-6C08-C31E4516330E}.Debug|x86.Build.0 = Debug|Any CPU
		{DDD55263-3DFF-1514-6C08-C31E4516330E}.Release|Any CPU.ActiveCfg = Release|Any CPU
		{DDD55263-3DFF-1514-6C08-C31E4516330E}.Release|Any CPU.Build.0 = Release|Any CPU
		{DDD55263-3DFF-1514-6C08-C31E4516330E}.Release|x64.ActiveCfg = Release|Any CPU
		{DDD55263-3DFF-1514-6C08-C31E4516330E}.Release|x64.Build.0 = Release|Any CPU
		{DDD55263-3DFF-1514-6C08-C31E4516330E}.Release|x86.ActiveCfg = Release|Any CPU
		{DDD55263-3DFF-1514-6C08-C31E4516330E}.Release|x86.Build.0 = Release|Any CPU
		{05B9EAB9-0754-13E7-32C4-F8B326C67DA0}.Debug|Any CPU.ActiveCfg = Debug|Any CPU
		{05B9EAB9-0754-13E7-32C4-F8B326C67DA0}.Debug|Any CPU.Build.0 = Debug|Any CPU
		{05B9EAB9-0754-13E7-32C4-F8B326C67DA0}.Debug|x64.ActiveCfg = Debug|Any CPU
		{05B9EAB9-0754-13E7-32C4-F8B326C67DA0}.Debug|x64.Build.0 = Debug|Any CPU
		{05B9EAB9-0754-13E7-32C4-F8B326C67DA0}.Debug|x86.ActiveCfg = Debug|Any CPU
		{05B9EAB9-0754-13E7-32C4-F8B326C67DA0}.Debug|x86.Build.0 = Debug|Any CPU
		{05B9EAB9-0754-13E7-32C4-F8B326C67DA0}.Release|Any CPU.ActiveCfg = Release|Any CPU
		{05B9EAB9-0754-13E7-32C4-F8B326C67DA0}.Release|Any CPU.Build.0 = Release|Any CPU
		{05B9EAB9-0754-13E7-32C4-F8B326C67DA0}.Release|x64.ActiveCfg = Release|Any CPU
		{05B9EAB9-0754-13E7-32C4-F8B326C67DA0}.Release|x64.Build.0 = Release|Any CPU
		{05B9EAB9-0754-13E7-32C4-F8B326C67DA0}.Release|x86.ActiveCfg = Release|Any CPU
		{05B9EAB9-0754-13E7-32C4-F8B326C67DA0}.Release|x86.Build.0 = Release|Any CPU
		{160EAE73-661B-49A4-973D-6F6FDEDB145D}.Debug|Any CPU.ActiveCfg = Debug|Any CPU
		{160EAE73-661B-49A4-973D-6F6FDEDB145D}.Debug|Any CPU.Build.0 = Debug|Any CPU
		{160EAE73-661B-49A4-973D-6F6FDEDB145D}.Debug|x64.ActiveCfg = Debug|Any CPU
		{160EAE73-661B-49A4-973D-6F6FDEDB145D}.Debug|x64.Build.0 = Debug|Any CPU
		{160EAE73-661B-49A4-973D-6F6FDEDB145D}.Debug|x86.ActiveCfg = Debug|Any CPU
		{160EAE73-661B-49A4-973D-6F6FDEDB145D}.Debug|x86.Build.0 = Debug|Any CPU
		{160EAE73-661B-49A4-973D-6F6FDEDB145D}.Release|Any CPU.ActiveCfg = Release|Any CPU
		{160EAE73-661B-49A4-973D-6F6FDEDB145D}.Release|Any CPU.Build.0 = Release|Any CPU
		{160EAE73-661B-49A4-973D-6F6FDEDB145D}.Release|x64.ActiveCfg = Release|Any CPU
		{160EAE73-661B-49A4-973D-6F6FDEDB145D}.Release|x64.Build.0 = Release|Any CPU
		{160EAE73-661B-49A4-973D-6F6FDEDB145D}.Release|x86.ActiveCfg = Release|Any CPU
		{160EAE73-661B-49A4-973D-6F6FDEDB145D}.Release|x86.Build.0 = Release|Any CPU
	EndGlobalSection
	GlobalSection(SolutionProperties) = preSolution
		HideSolutionNode = FALSE
	EndGlobalSection
	GlobalSection(ExtensibilityGlobals) = postSolution
		SolutionGuid = {CCD394E8-3F34-4815-BC3F-0E7CADEDBB3F}
	EndGlobalSection
EndGlobal
