
Microsoft Visual Studio Solution File, Format Version 12.00
# Visual Studio Version 17
VisualStudioVersion = 17.13.35931.197 d17.13
MinimumVisualStudioVersion = 10.0.40219.1
Project("{00D1A9C2-B5F0-4AF3-8072-F6C62B433612}") = "Database", "Database\Database.sqlproj", "{1BB45943-65D4-4A20-97A1-2BCEA8980BE2}"
EndProject
Project("{2150E333-8FDC-42A3-9474-1A3956D46DE8}") = "Files", "Files", "{02EA681E-C7D8-13C7-8484-4AC65E1B71E8}"
	ProjectSection(SolutionItems) = preProject
		dab-config.json = dab-config.json
	EndProjectSection
EndProject
Global
	GlobalSection(SolutionConfigurationPlatforms) = preSolution
		Debug|Any CPU = Debug|Any CPU
		Release|Any CPU = Release|Any CPU
	EndGlobalSection
	GlobalSection(ProjectConfigurationPlatforms) = postSolution
		{1BB45943-65D4-4A20-97A1-2BCEA8980BE2}.Debug|Any CPU.ActiveCfg = Debug|Any CPU
		{1BB45943-65D4-4A20-97A1-2BCEA8980BE2}.Debug|Any CPU.Build.0 = Debug|Any CPU
		{1BB45943-65D4-4A20-97A1-2BCEA8980BE2}.Debug|Any CPU.Deploy.0 = Debug|Any CPU
		{1BB45943-65D4-4A20-97A1-2BCEA8980BE2}.Release|Any CPU.ActiveCfg = Release|Any CPU
		{1BB45943-65D4-4A20-97A1-2BCEA8980BE2}.Release|Any CPU.Build.0 = Release|Any CPU
		{1BB45943-65D4-4A20-97A1-2BCEA8980BE2}.Release|Any CPU.Deploy.0 = Release|Any CPU
	EndGlobalSection
	GlobalSection(SolutionProperties) = preSolution
		HideSolutionNode = FALSE
	EndGlobalSection
	GlobalSection(ExtensibilityGlobals) = postSolution
		SolutionGuid = {CCD394E8-3F34-4815-BC3F-0E7CADEDBB3F}
	EndGlobalSection
EndGlobal
